
Microsoft Visual Studio Solution File, Format Version 12.00
# Visual Studio 15
VisualStudioVersion = 15.0.28307.539
MinimumVisualStudioVersion = 10.0.40219.1
Project("{FAE04EC0-301F-11D3-BF4B-00C04F79EFBC}") = "HFG.Database", "HFG.Database\HFG.Database.csproj", "{009D727F-069A-4093-91D3-F4CCBC2AFFFA}"
EndProject
Project("{FAE04EC0-301F-11D3-BF4B-00C04F79EFBC}") = "HFG.Logic", "HFG.Logic\HFG.Logic.csproj", "{5ED31271-CAAB-48B8-B481-581767761AAD}"
EndProject
Project("{FAE04EC0-301F-11D3-BF4B-00C04F79EFBC}") = "HFG.Display", "HFG.Display\HFG.Display.csproj", "{BA33B38D-2775-4EC6-84B6-97D3EDD1D884}"
EndProject
Project("{FAE04EC0-301F-11D3-BF4B-00C04F79EFBC}") = "HFG.Tests", "HFG.Tests\HFG.Tests.csproj", "{04C10855-4F7D-4473-B50F-5DB013B6054B}"
EndProject
Project("{FAE04EC0-301F-11D3-BF4B-00C04F79EFBC}") = "OENIK_PROG4_2020_1_LDK923_YCSNU5", "OENIK_PROG4_2020_1_LDK923_YCSNU5\OENIK_PROG4_2020_1_LDK923_YCSNU5.csproj", "{65C8928D-36D3-4320-9CB7-60AF12ED155E}"
EndProject
Project("{FAE04EC0-301F-11D3-BF4B-00C04F79EFBC}") = "HFG.Repository", "HFG.Repository\HFG.Repository.csproj", "{649E8189-E59A-4C77-9F1D-865AA2840427}"
EndProject
Project("{FAE04EC0-301F-11D3-BF4B-00C04F79EFBC}") = "HFG.Model", "HFG.Model\HFG.Model.csproj", "{0D341387-3560-476F-81D5-A1AA9C766F1B}"
EndProject
Global
	GlobalSection(SolutionConfigurationPlatforms) = preSolution
		Debug|Any CPU = Debug|Any CPU
		Release|Any CPU = Release|Any CPU
	EndGlobalSection
	GlobalSection(ProjectConfigurationPlatforms) = postSolution
		{009D727F-069A-4093-91D3-F4CCBC2AFFFA}.Debug|Any CPU.ActiveCfg = Debug|Any CPU
		{009D727F-069A-4093-91D3-F4CCBC2AFFFA}.Debug|Any CPU.Build.0 = Debug|Any CPU
		{009D727F-069A-4093-91D3-F4CCBC2AFFFA}.Release|Any CPU.ActiveCfg = Release|Any CPU
		{009D727F-069A-4093-91D3-F4CCBC2AFFFA}.Release|Any CPU.Build.0 = Release|Any CPU
		{5ED31271-CAAB-48B8-B481-581767761AAD}.Debug|Any CPU.ActiveCfg = Debug|Any CPU
		{5ED31271-CAAB-48B8-B481-581767761AAD}.Debug|Any CPU.Build.0 = Debug|Any CPU
		{5ED31271-CAAB-48B8-B481-581767761AAD}.Release|Any CPU.ActiveCfg = Release|Any CPU
		{5ED31271-CAAB-48B8-B481-581767761AAD}.Release|Any CPU.Build.0 = Release|Any CPU
		{BA33B38D-2775-4EC6-84B6-97D3EDD1D884}.Debug|Any CPU.ActiveCfg = Debug|Any CPU
		{BA33B38D-2775-4EC6-84B6-97D3EDD1D884}.Debug|Any CPU.Build.0 = Debug|Any CPU
		{BA33B38D-2775-4EC6-84B6-97D3EDD1D884}.Release|Any CPU.ActiveCfg = Release|Any CPU
		{BA33B38D-2775-4EC6-84B6-97D3EDD1D884}.Release|Any CPU.Build.0 = Release|Any CPU
		{04C10855-4F7D-4473-B50F-5DB013B6054B}.Debug|Any CPU.ActiveCfg = Debug|Any CPU
		{04C10855-4F7D-4473-B50F-5DB013B6054B}.Debug|Any CPU.Build.0 = Debug|Any CPU
		{04C10855-4F7D-4473-B50F-5DB013B6054B}.Release|Any CPU.ActiveCfg = Release|Any CPU
		{04C10855-4F7D-4473-B50F-5DB013B6054B}.Release|Any CPU.Build.0 = Release|Any CPU
		{65C8928D-36D3-4320-9CB7-60AF12ED155E}.Debug|Any CPU.ActiveCfg = Debug|Any CPU
		{65C8928D-36D3-4320-9CB7-60AF12ED155E}.Debug|Any CPU.Build.0 = Debug|Any CPU
		{65C8928D-36D3-4320-9CB7-60AF12ED155E}.Release|Any CPU.ActiveCfg = Release|Any CPU
		{65C8928D-36D3-4320-9CB7-60AF12ED155E}.Release|Any CPU.Build.0 = Release|Any CPU
		{649E8189-E59A-4C77-9F1D-865AA2840427}.Debug|Any CPU.ActiveCfg = Debug|Any CPU
		{649E8189-E59A-4C77-9F1D-865AA2840427}.Debug|Any CPU.Build.0 = Debug|Any CPU
		{649E8189-E59A-4C77-9F1D-865AA2840427}.Release|Any CPU.ActiveCfg = Release|Any CPU
		{649E8189-E59A-4C77-9F1D-865AA2840427}.Release|Any CPU.Build.0 = Release|Any CPU
		{0D341387-3560-476F-81D5-A1AA9C766F1B}.Debug|Any CPU.ActiveCfg = Debug|Any CPU
		{0D341387-3560-476F-81D5-A1AA9C766F1B}.Debug|Any CPU.Build.0 = Debug|Any CPU
		{0D341387-3560-476F-81D5-A1AA9C766F1B}.Release|Any CPU.ActiveCfg = Release|Any CPU
		{0D341387-3560-476F-81D5-A1AA9C766F1B}.Release|Any CPU.Build.0 = Release|Any CPU
	EndGlobalSection
	GlobalSection(SolutionProperties) = preSolution
		HideSolutionNode = FALSE
	EndGlobalSection
	GlobalSection(ExtensibilityGlobals) = postSolution
		SolutionGuid = {73EF7519-1CEF-4522-802C-F77CDE18A78E}
	EndGlobalSection
EndGlobal
