
Microsoft Visual Studio Solution File, Format Version 12.00
# Visual Studio Version 16
VisualStudioVersion = 16.0.29319.158
MinimumVisualStudioVersion = 10.0.40219.1
Project("{FAE04EC0-301F-11D3-BF4B-00C04F79EFBC}") = "HFG.Database", "HFG.Database\HFG.Database.csproj", "{009D727F-069A-4093-91D3-F4CCBC2AFFFA}"
EndProject
Project("{FAE04EC0-301F-11D3-BF4B-00C04F79EFBC}") = "HFG.Logic", "HFG.Logic\HFG.Logic.csproj", "{5ED31271-CAAB-48B8-B481-581767761AAD}"
EndProject
Project("{FAE04EC0-301F-11D3-BF4B-00C04F79EFBC}") = "HFG.Game", "HFG.Game\HFG.Game.csproj", "{1967A10E-C55D-43FA-8B4F-8FD842535A70}"
EndProject
Project("{FAE04EC0-301F-11D3-BF4B-00C04F79EFBC}") = "HFG.Display", "HFG.Display\HFG.Display.csproj", "{BA33B38D-2775-4EC6-84B6-97D3EDD1D884}"
EndProject
Global
	GlobalSection(SolutionConfigurationPlatforms) = preSolution
		Debug|Any CPU = Debug|Any CPU
		Release|Any CPU = Release|Any CPU
	EndGlobalSection
	GlobalSection(ProjectConfigurationPlatforms) = postSolution
		{009D727F-069A-4093-91D3-F4CCBC2AFFFA}.Debug|Any CPU.ActiveCfg = Debug|Any CPU
		{009D727F-069A-4093-91D3-F4CCBC2AFFFA}.Debug|Any CPU.Build.0 = Debug|Any CPU
		{009D727F-069A-4093-91D3-F4CCBC2AFFFA}.Release|Any CPU.ActiveCfg = Release|Any CPU
		{009D727F-069A-4093-91D3-F4CCBC2AFFFA}.Release|Any CPU.Build.0 = Release|Any CPU
		{5ED31271-CAAB-48B8-B481-581767761AAD}.Debug|Any CPU.ActiveCfg = Debug|Any CPU
		{5ED31271-CAAB-48B8-B481-581767761AAD}.Debug|Any CPU.Build.0 = Debug|Any CPU
		{5ED31271-CAAB-48B8-B481-581767761AAD}.Release|Any CPU.ActiveCfg = Release|Any CPU
		{5ED31271-CAAB-48B8-B481-581767761AAD}.Release|Any CPU.Build.0 = Release|Any CPU
		{1967A10E-C55D-43FA-8B4F-8FD842535A70}.Debug|Any CPU.ActiveCfg = Debug|Any CPU
		{1967A10E-C55D-43FA-8B4F-8FD842535A70}.Debug|Any CPU.Build.0 = Debug|Any CPU
		{1967A10E-C55D-43FA-8B4F-8FD842535A70}.Release|Any CPU.ActiveCfg = Release|Any CPU
		{1967A10E-C55D-43FA-8B4F-8FD842535A70}.Release|Any CPU.Build.0 = Release|Any CPU
		{BA33B38D-2775-4EC6-84B6-97D3EDD1D884}.Debug|Any CPU.ActiveCfg = Debug|Any CPU
		{BA33B38D-2775-4EC6-84B6-97D3EDD1D884}.Debug|Any CPU.Build.0 = Debug|Any CPU
		{BA33B38D-2775-4EC6-84B6-97D3EDD1D884}.Release|Any CPU.ActiveCfg = Release|Any CPU
		{BA33B38D-2775-4EC6-84B6-97D3EDD1D884}.Release|Any CPU.Build.0 = Release|Any CPU
	EndGlobalSection
	GlobalSection(SolutionProperties) = preSolution
		HideSolutionNode = FALSE
	EndGlobalSection
	GlobalSection(ExtensibilityGlobals) = postSolution
		SolutionGuid = {73EF7519-1CEF-4522-802C-F77CDE18A78E}
	EndGlobalSection
EndGlobal
